
Microsoft Visual Studio Solution File, Format Version 12.00
# Visual Studio Version 17
VisualStudioVersion = 17.4.33213.308
MinimumVisualStudioVersion = 10.0.40219.1
Project("{FAE04EC0-301F-11D3-BF4B-00C04F79EFBC}") = "RESTAPI", "RESTAPI\RESTAPI.csproj", "{BD286BCE-95B6-4C33-9D99-64BF1BDA28B8}"
EndProject
Project("{FAE04EC0-301F-11D3-BF4B-00C04F79EFBC}") = "RESTAPIService", "RESTAPIService\RESTAPIService.csproj", "{34D0E4DA-04ED-4CAB-A71A-13B020EB2F53}"
EndProject
Global
	GlobalSection(SolutionConfigurationPlatforms) = preSolution
		Debug|Any CPU = Debug|Any CPU
		Release|Any CPU = Release|Any CPU
	EndGlobalSection
	GlobalSection(ProjectConfigurationPlatforms) = postSolution
		{BD286BCE-95B6-4C33-9D99-64BF1BDA28B8}.Debug|Any CPU.ActiveCfg = Debug|Any CPU
		{BD286BCE-95B6-4C33-9D99-64BF1BDA28B8}.Debug|Any CPU.Build.0 = Debug|Any CPU
		{BD286BCE-95B6-4C33-9D99-64BF1BDA28B8}.Release|Any CPU.ActiveCfg = Release|Any CPU
		{BD286BCE-95B6-4C33-9D99-64BF1BDA28B8}.Release|Any CPU.Build.0 = Release|Any CPU
		{34D0E4DA-04ED-4CAB-A71A-13B020EB2F53}.Debug|Any CPU.ActiveCfg = Debug|Any CPU
		{34D0E4DA-04ED-4CAB-A71A-13B020EB2F53}.Debug|Any CPU.Build.0 = Debug|Any CPU
		{34D0E4DA-04ED-4CAB-A71A-13B020EB2F53}.Release|Any CPU.ActiveCfg = Release|Any CPU
		{34D0E4DA-04ED-4CAB-A71A-13B020EB2F53}.Release|Any CPU.Build.0 = Release|Any CPU
	EndGlobalSection
	GlobalSection(SolutionProperties) = preSolution
		HideSolutionNode = FALSE
	EndGlobalSection
	GlobalSection(ExtensibilityGlobals) = postSolution
		SolutionGuid = {926F2941-A208-4738-A538-3BE4D874AE09}
	EndGlobalSection
EndGlobal
